
Microsoft Visual Studio Solution File, Format Version 12.00
# Visual Studio Version 16
VisualStudioVersion = 16.0.29009.5
MinimumVisualStudioVersion = 10.0.40219.1
Project("{FAE04EC0-301F-11D3-BF4B-00C04F79EFBC}") = "ResolveIP", "ResolveIP\ResolveIP.csproj", "{800E9650-0AFF-485F-9C39-0477A2C5B316}"
EndProject
Global
	GlobalSection(SolutionConfigurationPlatforms) = preSolution
		Debug|Any CPU = Debug|Any CPU
		Release|Any CPU = Release|Any CPU
	EndGlobalSection
	GlobalSection(ProjectConfigurationPlatforms) = postSolution
		{800E9650-0AFF-485F-9C39-0477A2C5B316}.Debug|Any CPU.ActiveCfg = Debug|Any CPU
		{800E9650-0AFF-485F-9C39-0477A2C5B316}.Debug|Any CPU.Build.0 = Debug|Any CPU
		{800E9650-0AFF-485F-9C39-0477A2C5B316}.Release|Any CPU.ActiveCfg = Release|Any CPU
		{800E9650-0AFF-485F-9C39-0477A2C5B316}.Release|Any CPU.Build.0 = Release|Any CPU
	EndGlobalSection
	GlobalSection(SolutionProperties) = preSolution
		HideSolutionNode = FALSE
	EndGlobalSection
	GlobalSection(ExtensibilityGlobals) = postSolution
		SolutionGuid = {628A6B20-F122-4EE7-BBD4-307A25551046}
	EndGlobalSection
EndGlobal
